{
  "name": "nuri-passkey-prf-smartcard",
  "version": "0.1.0",
  "lockfileVersion": 3,
  "requires": true,
  "packages": {
    "": {
      "name": "nuri-passkey-prf-smartcard",
      "version": "0.1.0",
      "license": "MIT",
      "dependencies": {
        "@arkade-os/boltz-swap": "^0.3.43",
        "@arkade-os/sdk": "^0.4.38",
        "@noble/curves": "^1.9.7",
        "@scure/base": "^1.2.6",
        "@scure/bip32": "^1.7.0",
        "@scure/btc-signer": "^2.0.1",
        "eventsource": "^4.1.0",
        "qrcode-generator": "^2.0.4"
      },
      "bin": {
        "nuricard": "bin/nuricard"
      }
    },
    "node_modules/@arkade-os/boltz-swap": {
      "version": "0.3.43",
      "resolved": "https://registry.npmjs.org/@arkade-os/boltz-swap/-/boltz-swap-0.3.43.tgz",
      "integrity": "sha512-sxZ9RzpVxY3XJ4wcZw3ejI684vzB5vP5bbsMZusK5Aa2RikvCBvpVbSWepijmag39OlYzxW38tFKt1PUkdVv6Q==",
      "license": "MIT",
      "dependencies": {
        "@arkade-os/sdk": "0.4.38",
        "@noble/curves": "2.0.1",
        "@noble/hashes": "2.0.1",
        "@scure/base": "2.0.0",
        "@scure/btc-signer": "2.0.1",
        "bip68": "1.0.4",
        "light-bolt11-decoder": "3.2.0"
      },
      "peerDependencies": {
        "expo-background-task": ">=0.1.0",
        "expo-task-manager": ">=3.0.0"
      },
      "peerDependenciesMeta": {
        "expo-background-task": {
          "optional": true
        },
        "expo-task-manager": {
          "optional": true
        }
      }
    },
    "node_modules/@arkade-os/boltz-swap/node_modules/@noble/curves": {
      "version": "2.0.1",
      "resolved": "https://registry.npmjs.org/@noble/curves/-/curves-2.0.1.tgz",
      "integrity": "sha512-vs1Az2OOTBiP4q0pwjW5aF0xp9n4MxVrmkFBxc6EKZc6ddYx5gaZiAsZoq0uRRXWbi3AT/sBqn05eRPtn1JCPw==",
      "license": "MIT",
      "dependencies": {
        "@noble/hashes": "2.0.1"
      },
      "engines": {
        "node": ">= 20.19.0"
      },
      "funding": {
        "url": "https://paulmillr.com/funding/"
      }
    },
    "node_modules/@arkade-os/boltz-swap/node_modules/@noble/hashes": {
      "version": "2.0.1",
      "resolved": "https://registry.npmjs.org/@noble/hashes/-/hashes-2.0.1.tgz",
      "integrity": "sha512-XlOlEbQcE9fmuXxrVTXCTlG2nlRXa9Rj3rr5Ue/+tX+nmkgbX720YHh0VR3hBF9xDvwnb8D2shVGOwNx+ulArw==",
      "license": "MIT",
      "engines": {
        "node": ">= 20.19.0"
      },
      "funding": {
        "url": "https://paulmillr.com/funding/"
      }
    },
    "node_modules/@arkade-os/boltz-swap/node_modules/@scure/base": {
      "version": "2.0.0",
      "resolved": "https://registry.npmjs.org/@scure/base/-/base-2.0.0.tgz",
      "integrity": "sha512-3E1kpuZginKkek01ovG8krQ0Z44E3DHPjc5S2rjJw9lZn3KSQOs8S7wqikF/AH7iRanHypj85uGyxk0XAyC37w==",
      "license": "MIT",
      "funding": {
        "url": "https://paulmillr.com/funding/"
      }
    },
    "node_modules/@arkade-os/boltz-swap/node_modules/@scure/btc-signer": {
      "version": "2.0.1",
      "resolved": "https://registry.npmjs.org/@scure/btc-signer/-/btc-signer-2.0.1.tgz",
      "integrity": "sha512-vk5a/16BbSFZkhh1JIJ0+4H9nceZVo5WzKvJGGWiPp3sQOExeW+L53z3dI6u0adTPoE8ZbL+XEb6hEGzVZSvvQ==",
      "license": "MIT",
      "dependencies": {
        "@noble/curves": "~2.0.0",
        "@noble/hashes": "~2.0.0",
        "@scure/base": "~2.0.0",
        "micro-packed": "~0.8.0"
      },
      "funding": {
        "url": "https://paulmillr.com/funding/"
      }
    },
    "node_modules/@arkade-os/boltz-swap/node_modules/micro-packed": {
      "version": "0.8.0",
      "resolved": "https://registry.npmjs.org/micro-packed/-/micro-packed-0.8.0.tgz",
      "integrity": "sha512-AKb8znIvg9sooythbXzyFeChEY0SkW0C6iXECpy/ls0e5BtwXO45J9wD9SLzBztnS4XmF/5kwZknsq+jyynd/A==",
      "license": "MIT",
      "dependencies": {
        "@scure/base": "2.0.0"
      },
      "engines": {
        "node": ">= 20.19.0"
      },
      "funding": {
        "url": "https://paulmillr.com/funding/"
      }
    },
    "node_modules/@arkade-os/sdk": {
      "version": "0.4.38",
      "resolved": "https://registry.npmjs.org/@arkade-os/sdk/-/sdk-0.4.38.tgz",
      "integrity": "sha512-XEdujIVdviMK12pLCrzZZMSd1XxGarfyVjbSti351Z9OgCwWHEyu3ooc/bj1xi/rpE8KTucD9+94qHYneFTwiw==",
      "license": "MIT",
      "dependencies": {
        "@bitcoinerlab/descriptors-scure": "3.1.7",
        "@marcbachmann/cel-js": "7.3.1",
        "@noble/curves": "2.0.1",
        "@noble/secp256k1": "3.0.0",
        "@scure/base": "2.0.0",
        "@scure/bip39": "2.0.1",
        "@scure/btc-signer": "2.0.1",
        "bip68": "1.0.4",
        "ws-electrumx-client": "1.0.5"
      },
      "engines": {
        "node": ">=22.12.0 <25"
      },
      "peerDependencies": {
        "@react-native-async-storage/async-storage": ">=1.0.0",
        "expo": ">=54.0.0",
        "expo-background-task": "~1.0.10 || >=55.0.0",
        "expo-sqlite": "~16.0.10 || >=55.0.0",
        "expo-task-manager": "~14.0.9 || >=55.0.0"
      },
      "peerDependenciesMeta": {
        "@react-native-async-storage/async-storage": {
          "optional": true
        },
        "expo": {
          "optional": true
        },
        "expo-background-task": {
          "optional": true
        },
        "expo-sqlite": {
          "optional": true
        },
        "expo-task-manager": {
          "optional": true
        }
      }
    },
    "node_modules/@arkade-os/sdk/node_modules/@noble/curves": {
      "version": "2.0.1",
      "resolved": "https://registry.npmjs.org/@noble/curves/-/curves-2.0.1.tgz",
      "integrity": "sha512-vs1Az2OOTBiP4q0pwjW5aF0xp9n4MxVrmkFBxc6EKZc6ddYx5gaZiAsZoq0uRRXWbi3AT/sBqn05eRPtn1JCPw==",
      "license": "MIT",
      "dependencies": {
        "@noble/hashes": "2.0.1"
      },
      "engines": {
        "node": ">= 20.19.0"
      },
      "funding": {
        "url": "https://paulmillr.com/funding/"
      }
    },
    "node_modules/@arkade-os/sdk/node_modules/@noble/hashes": {
      "version": "2.0.1",
      "resolved": "https://registry.npmjs.org/@noble/hashes/-/hashes-2.0.1.tgz",
      "integrity": "sha512-XlOlEbQcE9fmuXxrVTXCTlG2nlRXa9Rj3rr5Ue/+tX+nmkgbX720YHh0VR3hBF9xDvwnb8D2shVGOwNx+ulArw==",
      "license": "MIT",
      "engines": {
        "node": ">= 20.19.0"
      },
      "funding": {
        "url": "https://paulmillr.com/funding/"
      }
    },
    "node_modules/@arkade-os/sdk/node_modules/@scure/base": {
      "version": "2.0.0",
      "resolved": "https://registry.npmjs.org/@scure/base/-/base-2.0.0.tgz",
      "integrity": "sha512-3E1kpuZginKkek01ovG8krQ0Z44E3DHPjc5S2rjJw9lZn3KSQOs8S7wqikF/AH7iRanHypj85uGyxk0XAyC37w==",
      "license": "MIT",
      "funding": {
        "url": "https://paulmillr.com/funding/"
      }
    },
    "node_modules/@arkade-os/sdk/node_modules/@scure/btc-signer": {
      "version": "2.0.1",
      "resolved": "https://registry.npmjs.org/@scure/btc-signer/-/btc-signer-2.0.1.tgz",
      "integrity": "sha512-vk5a/16BbSFZkhh1JIJ0+4H9nceZVo5WzKvJGGWiPp3sQOExeW+L53z3dI6u0adTPoE8ZbL+XEb6hEGzVZSvvQ==",
      "license": "MIT",
      "dependencies": {
        "@noble/curves": "~2.0.0",
        "@noble/hashes": "~2.0.0",
        "@scure/base": "~2.0.0",
        "micro-packed": "~0.8.0"
      },
      "funding": {
        "url": "https://paulmillr.com/funding/"
      }
    },
    "node_modules/@arkade-os/sdk/node_modules/micro-packed": {
      "version": "0.8.0",
      "resolved": "https://registry.npmjs.org/micro-packed/-/micro-packed-0.8.0.tgz",
      "integrity": "sha512-AKb8znIvg9sooythbXzyFeChEY0SkW0C6iXECpy/ls0e5BtwXO45J9wD9SLzBztnS4XmF/5kwZknsq+jyynd/A==",
      "license": "MIT",
      "dependencies": {
        "@scure/base": "2.0.0"
      },
      "engines": {
        "node": ">= 20.19.0"
      },
      "funding": {
        "url": "https://paulmillr.com/funding/"
      }
    },
    "node_modules/@bitcoinerlab/descriptors-scure": {
      "version": "3.1.7",
      "resolved": "https://registry.npmjs.org/@bitcoinerlab/descriptors-scure/-/descriptors-scure-3.1.7.tgz",
      "integrity": "sha512-jeyi8L3hzOquJn3t5w+NY3G93B/amZw83xeF8hrpwe7w4FMt2SH2o9rithEydQ2tP3Tlqfog+LnJOOChmfFPWw==",
      "license": "MIT",
      "dependencies": {
        "@bitcoinerlab/descriptors-core": "3.1.7",
        "@noble/curves": "^2.0.1",
        "@noble/hashes": "^2.0.1",
        "@scure/base": "^2.0.0",
        "@scure/bip32": "^2.0.1",
        "@scure/btc-signer": "^2.0.1"
      },
      "engines": {
        "node": ">=20.19.0"
      },
      "peerDependencies": {
        "@ledgerhq/ledger-bitcoin": "^0.3.1"
      },
      "peerDependenciesMeta": {
        "@ledgerhq/ledger-bitcoin": {
          "optional": true
        }
      }
    },
    "node_modules/@bitcoinerlab/descriptors-scure/node_modules/@bitcoinerlab/descriptors-core": {
      "version": "3.1.7",
      "resolved": "https://registry.npmjs.org/@bitcoinerlab/descriptors-core/-/descriptors-core-3.1.7.tgz",
      "integrity": "sha512-7VccUDvKcHK7RF07Vo19Obax9jO3wlPWIXtvXy61GBqXptKv156O9Z4+sm2py1CuxPRpTXHlvH70G4KVVDoKlw==",
      "license": "MIT",
      "dependencies": {
        "@bitcoinerlab/miniscript": "^2.0.0",
        "lodash.memoize": "^4.1.2",
        "uint8array-tools": "^0.0.9",
        "varuint-bitcoin": "^2.0.0"
      },
      "engines": {
        "node": ">=20.19.0"
      },
      "peerDependencies": {
        "@ledgerhq/ledger-bitcoin": "^0.3.1",
        "@noble/curves": "^2.0.1",
        "@noble/hashes": "^2.0.1",
        "@scure/base": "^2.0.0",
        "@scure/bip32": "^2.0.1",
        "@scure/btc-signer": "^2.0.1",
        "bip32": "^5.0.1",
        "bitcoinjs-lib": "^7.0.1",
        "ecpair": "^3.0.1"
      },
      "peerDependenciesMeta": {
        "@ledgerhq/ledger-bitcoin": {
          "optional": true
        },
        "@noble/curves": {
          "optional": true
        },
        "@noble/hashes": {
          "optional": true
        },
        "@scure/base": {
          "optional": true
        },
        "@scure/bip32": {
          "optional": true
        },
        "@scure/btc-signer": {
          "optional": true
        },
        "bip32": {
          "optional": true
        },
        "bitcoinjs-lib": {
          "optional": true
        },
        "ecpair": {
          "optional": true
        }
      }
    },
    "node_modules/@bitcoinerlab/descriptors-scure/node_modules/@noble/curves": {
      "version": "2.2.0",
      "resolved": "https://registry.npmjs.org/@noble/curves/-/curves-2.2.0.tgz",
      "integrity": "sha512-T/BoHgFXirb0ENSPBquzX0rcjXeM6Lo892a2jlYJkqk83LqZx0l1Of7DzlKJ6jkpvMrkHSnAcgb5JegL8SeIkQ==",
      "license": "MIT",
      "dependencies": {
        "@noble/hashes": "2.2.0"
      },
      "engines": {
        "node": ">= 20.19.0"
      },
      "funding": {
        "url": "https://paulmillr.com/funding/"
      }
    },
    "node_modules/@bitcoinerlab/descriptors-scure/node_modules/@noble/hashes": {
      "version": "2.2.0",
      "resolved": "https://registry.npmjs.org/@noble/hashes/-/hashes-2.2.0.tgz",
      "integrity": "sha512-IYqDGiTXab6FniAgnSdZwgWbomxpy9FtYvLKs7wCUs2a8RkITG+DFGO1DM9cr+E3/RgADRpFjrKVaJ1z6sjtEg==",
      "license": "MIT",
      "engines": {
        "node": ">= 20.19.0"
      },
      "funding": {
        "url": "https://paulmillr.com/funding/"
      }
    },
    "node_modules/@bitcoinerlab/descriptors-scure/node_modules/@scure/base": {
      "version": "2.2.0",
      "resolved": "https://registry.npmjs.org/@scure/base/-/base-2.2.0.tgz",
      "integrity": "sha512-b8XEupJibegiXV+tDUseI8oLQc8ei3d/4Jkb2RpbHh3MfE054ov3uIz2dhFkB3FI8iwYkEh0gGCApkrYggkPNg==",
      "license": "MIT",
      "funding": {
        "url": "https://paulmillr.com/funding/"
      }
    },
    "node_modules/@bitcoinerlab/descriptors-scure/node_modules/@scure/bip32": {
      "version": "2.2.0",
      "resolved": "https://registry.npmjs.org/@scure/bip32/-/bip32-2.2.0.tgz",
      "integrity": "sha512-zFr7t2F+a9+5tB7QbarF2HQNYrgjCNaoLAupZdKkrFMYMozJf5zqH2WJCQibMzm1qQ0QogrxVGO3qXfQDYMaQg==",
      "license": "MIT",
      "dependencies": {
        "@noble/curves": "2.2.0",
        "@noble/hashes": "2.2.0",
        "@scure/base": "2.2.0"
      },
      "funding": {
        "url": "https://paulmillr.com/funding/"
      }
    },
    "node_modules/@bitcoinerlab/miniscript": {
      "version": "2.0.0",
      "resolved": "https://registry.npmjs.org/@bitcoinerlab/miniscript/-/miniscript-2.0.0.tgz",
      "integrity": "sha512-P8yyubPf6lphmIZfyD/ZbhT/umJX7zH1mKjGql7z0Qt+xuffnz2AueQqq2/01VE2rTIq80VM0oRFdJClGBYx/g==",
      "license": "MIT",
      "dependencies": {
        "bip68": "^1.0.4"
      }
    },
    "node_modules/@marcbachmann/cel-js": {
      "version": "7.3.1",
      "resolved": "https://registry.npmjs.org/@marcbachmann/cel-js/-/cel-js-7.3.1.tgz",
      "integrity": "sha512-P6o26TvjStT8V8+8EF+yq9Pp7ZFV00bpiUMbssr76XbIZGxaB+NNWeBp6WNxOrR9gp0JPzvJueCKHpOs5LE9PQ==",
      "license": "MIT",
      "bin": {
        "cel-evaluate": "bin/cel-evaluate.js"
      },
      "engines": {
        "node": ">=20.19.0"
      }
    },
    "node_modules/@noble/curves": {
      "version": "1.9.7",
      "resolved": "https://registry.npmjs.org/@noble/curves/-/curves-1.9.7.tgz",
      "integrity": "sha512-gbKGcRUYIjA3/zCCNaWDciTMFI0dCkvou3TL8Zmy5Nc7sJ47a0jtOeZoTaMxkuqRo9cRhjOdZJXegxYE5FN/xw==",
      "license": "MIT",
      "dependencies": {
        "@noble/hashes": "1.8.0"
      },
      "engines": {
        "node": "^14.21.3 || >=16"
      },
      "funding": {
        "url": "https://paulmillr.com/funding/"
      }
    },
    "node_modules/@noble/hashes": {
      "version": "1.8.0",
      "resolved": "https://registry.npmjs.org/@noble/hashes/-/hashes-1.8.0.tgz",
      "integrity": "sha512-jCs9ldd7NwzpgXDIf6P3+NrHh9/sD6CQdxHyjQI+h/6rDNo88ypBxxz45UDuZHz9r3tNz7N/VInSVoVdtXEI4A==",
      "license": "MIT",
      "engines": {
        "node": "^14.21.3 || >=16"
      },
      "funding": {
        "url": "https://paulmillr.com/funding/"
      }
    },
    "node_modules/@noble/secp256k1": {
      "version": "3.0.0",
      "resolved": "https://registry.npmjs.org/@noble/secp256k1/-/secp256k1-3.0.0.tgz",
      "integrity": "sha512-NJBaR352KyIvj3t6sgT/+7xrNyF9Xk9QlLSIqUGVUYlsnDTAUqY8LOmwpcgEx4AMJXRITQ5XEVHD+mMaPfr3mg==",
      "license": "MIT",
      "funding": {
        "url": "https://paulmillr.com/funding/"
      }
    },
    "node_modules/@scure/base": {
      "version": "1.2.6",
      "resolved": "https://registry.npmjs.org/@scure/base/-/base-1.2.6.tgz",
      "integrity": "sha512-g/nm5FgUa//MCj1gV09zTJTaM6KBAHqLN907YVQqf7zC49+DcO4B1so4ZX07Ef10Twr6nuqYEH9GEggFXA4Fmg==",
      "license": "MIT",
      "funding": {
        "url": "https://paulmillr.com/funding/"
      }
    },
    "node_modules/@scure/bip32": {
      "version": "1.7.0",
      "resolved": "https://registry.npmjs.org/@scure/bip32/-/bip32-1.7.0.tgz",
      "integrity": "sha512-E4FFX/N3f4B80AKWp5dP6ow+flD1LQZo/w8UnLGYZO674jS6YnYeepycOOksv+vLPSpgN35wgKgy+ybfTb2SMw==",
      "license": "MIT",
      "dependencies": {
        "@noble/curves": "~1.9.0",
        "@noble/hashes": "~1.8.0",
        "@scure/base": "~1.2.5"
      },
      "funding": {
        "url": "https://paulmillr.com/funding/"
      }
    },
    "node_modules/@scure/bip39": {
      "version": "2.0.1",
      "resolved": "https://registry.npmjs.org/@scure/bip39/-/bip39-2.0.1.tgz",
      "integrity": "sha512-PsxdFj/d2AcJcZDX1FXN3dDgitDDTmwf78rKZq1a6c1P1Nan1X/Sxc7667zU3U+AN60g7SxxP0YCVw2H/hBycg==",
      "license": "MIT",
      "dependencies": {
        "@noble/hashes": "2.0.1",
        "@scure/base": "2.0.0"
      },
      "funding": {
        "url": "https://paulmillr.com/funding/"
      }
    },
    "node_modules/@scure/bip39/node_modules/@noble/hashes": {
      "version": "2.0.1",
      "resolved": "https://registry.npmjs.org/@noble/hashes/-/hashes-2.0.1.tgz",
      "integrity": "sha512-XlOlEbQcE9fmuXxrVTXCTlG2nlRXa9Rj3rr5Ue/+tX+nmkgbX720YHh0VR3hBF9xDvwnb8D2shVGOwNx+ulArw==",
      "license": "MIT",
      "engines": {
        "node": ">= 20.19.0"
      },
      "funding": {
        "url": "https://paulmillr.com/funding/"
      }
    },
    "node_modules/@scure/bip39/node_modules/@scure/base": {
      "version": "2.0.0",
      "resolved": "https://registry.npmjs.org/@scure/base/-/base-2.0.0.tgz",
      "integrity": "sha512-3E1kpuZginKkek01ovG8krQ0Z44E3DHPjc5S2rjJw9lZn3KSQOs8S7wqikF/AH7iRanHypj85uGyxk0XAyC37w==",
      "license": "MIT",
      "funding": {
        "url": "https://paulmillr.com/funding/"
      }
    },
    "node_modules/@scure/btc-signer": {
      "version": "2.2.0",
      "resolved": "https://registry.npmjs.org/@scure/btc-signer/-/btc-signer-2.2.0.tgz",
      "integrity": "sha512-ZXZ08sZqSZKEcOuEQnxTF66ouHtl6+UA6U/QfQM06K9WiOlEkXF4LviZCaSgkdiFh9cyMt9+xdup7JtEv3p0fw==",
      "license": "MIT",
      "dependencies": {
        "@noble/curves": "~2.2.0",
        "@noble/hashes": "~2.2.0",
        "@scure/base": "~2.2.0",
        "micro-packed": "~0.9.0"
      },
      "funding": {
        "url": "https://paulmillr.com/funding/"
      }
    },
    "node_modules/@scure/btc-signer/node_modules/@noble/curves": {
      "version": "2.2.0",
      "resolved": "https://registry.npmjs.org/@noble/curves/-/curves-2.2.0.tgz",
      "integrity": "sha512-T/BoHgFXirb0ENSPBquzX0rcjXeM6Lo892a2jlYJkqk83LqZx0l1Of7DzlKJ6jkpvMrkHSnAcgb5JegL8SeIkQ==",
      "license": "MIT",
      "dependencies": {
        "@noble/hashes": "2.2.0"
      },
      "engines": {
        "node": ">= 20.19.0"
      },
      "funding": {
        "url": "https://paulmillr.com/funding/"
      }
    },
    "node_modules/@scure/btc-signer/node_modules/@noble/hashes": {
      "version": "2.2.0",
      "resolved": "https://registry.npmjs.org/@noble/hashes/-/hashes-2.2.0.tgz",
      "integrity": "sha512-IYqDGiTXab6FniAgnSdZwgWbomxpy9FtYvLKs7wCUs2a8RkITG+DFGO1DM9cr+E3/RgADRpFjrKVaJ1z6sjtEg==",
      "license": "MIT",
      "engines": {
        "node": ">= 20.19.0"
      },
      "funding": {
        "url": "https://paulmillr.com/funding/"
      }
    },
    "node_modules/@scure/btc-signer/node_modules/@scure/base": {
      "version": "2.2.0",
      "resolved": "https://registry.npmjs.org/@scure/base/-/base-2.2.0.tgz",
      "integrity": "sha512-b8XEupJibegiXV+tDUseI8oLQc8ei3d/4Jkb2RpbHh3MfE054ov3uIz2dhFkB3FI8iwYkEh0gGCApkrYggkPNg==",
      "license": "MIT",
      "funding": {
        "url": "https://paulmillr.com/funding/"
      }
    },
    "node_modules/bip68": {
      "version": "1.0.4",
      "resolved": "https://registry.npmjs.org/bip68/-/bip68-1.0.4.tgz",
      "integrity": "sha512-O1htyufFTYy3EO0JkHg2CLykdXEtV2ssqw47Gq9A0WByp662xpJnMEB9m43LZjsSDjIAOozWRExlFQk2hlV1XQ==",
      "license": "ISC",
      "engines": {
        "node": ">=4.5.0"
      }
    },
    "node_modules/eventsource": {
      "version": "4.1.0",
      "resolved": "https://registry.npmjs.org/eventsource/-/eventsource-4.1.0.tgz",
      "integrity": "sha512-2GuF51iuHX6A9xdTccMTsNb7VO0lHZihApxhvQzJB5A03DvHDd2FQepodbMaztPBmBcE/ox7o2gqaxGhYB9LhQ==",
      "license": "MIT",
      "dependencies": {
        "eventsource-parser": "^3.0.1"
      },
      "engines": {
        "node": ">=20.0.0"
      }
    },
    "node_modules/eventsource-parser": {
      "version": "3.1.0",
      "resolved": "https://registry.npmjs.org/eventsource-parser/-/eventsource-parser-3.1.0.tgz",
      "integrity": "sha512-kJezFj9YFAMLeORyi7aCLxLbD5/qWMQnoMVlVPyHIll7lgRJCc3JVln9Vgl9nwQi0YkMnhdGTMNn7CkRRAptMg==",
      "license": "MIT",
      "engines": {
        "node": ">=18.0.0"
      }
    },
    "node_modules/isomorphic-ws": {
      "version": "5.0.0",
      "resolved": "https://registry.npmjs.org/isomorphic-ws/-/isomorphic-ws-5.0.0.tgz",
      "integrity": "sha512-muId7Zzn9ywDsyXgTIafTry2sV3nySZeUDe6YedVd1Hvuuep5AsIlqK+XefWpYTyJG5e503F2xIuT2lcU6rCSw==",
      "license": "MIT",
      "peerDependencies": {
        "ws": "*"
      }
    },
    "node_modules/light-bolt11-decoder": {
      "version": "3.2.0",
      "resolved": "https://registry.npmjs.org/light-bolt11-decoder/-/light-bolt11-decoder-3.2.0.tgz",
      "integrity": "sha512-3QEofgiBOP4Ehs9BI+RkZdXZNtSys0nsJ6fyGeSiAGCBsMwHGUDS/JQlY/sTnWs91A2Nh0S9XXfA8Sy9g6QpuQ==",
      "license": "MIT",
      "dependencies": {
        "@scure/base": "1.1.1"
      }
    },
    "node_modules/light-bolt11-decoder/node_modules/@scure/base": {
      "version": "1.1.1",
      "resolved": "https://registry.npmjs.org/@scure/base/-/base-1.1.1.tgz",
      "integrity": "sha512-ZxOhsSyxYwLJj3pLZCefNitxsj093tb2vq90mp2txoYeBqbcjDjqFhyM8eUjq/uFm6zJ+mUuqxlS2FkuSY1MTA==",
      "funding": [
        {
          "type": "individual",
          "url": "https://paulmillr.com/funding/"
        }
      ],
      "license": "MIT"
    },
    "node_modules/lodash.memoize": {
      "version": "4.1.2",
      "resolved": "https://registry.npmjs.org/lodash.memoize/-/lodash.memoize-4.1.2.tgz",
      "integrity": "sha512-t7j+NzmgnQzTAYXcsHYLgimltOV1MXHtlOWf6GjL9Kj8GK5FInw5JotxvbOs+IvV1/Dzo04/fCGfLVs7aXb4Ag==",
      "license": "MIT"
    },
    "node_modules/micro-packed": {
      "version": "0.9.0",
      "resolved": "https://registry.npmjs.org/micro-packed/-/micro-packed-0.9.0.tgz",
      "integrity": "sha512-gFdaWTxEXOwtSOcpxulO4AuXVtp3HWIRmB8eq8+3m1Zku0ubgva0UGpi03YhcvsTJasHngG9gTIUK5kHNKdesg==",
      "license": "MIT",
      "dependencies": {
        "@scure/base": "~2.2.0"
      },
      "engines": {
        "node": ">= 20.19.0"
      },
      "funding": {
        "url": "https://paulmillr.com/funding/"
      }
    },
    "node_modules/micro-packed/node_modules/@scure/base": {
      "version": "2.2.0",
      "resolved": "https://registry.npmjs.org/@scure/base/-/base-2.2.0.tgz",
      "integrity": "sha512-b8XEupJibegiXV+tDUseI8oLQc8ei3d/4Jkb2RpbHh3MfE054ov3uIz2dhFkB3FI8iwYkEh0gGCApkrYggkPNg==",
      "license": "MIT",
      "funding": {
        "url": "https://paulmillr.com/funding/"
      }
    },
    "node_modules/qrcode-generator": {
      "version": "2.0.4",
      "resolved": "https://registry.npmjs.org/qrcode-generator/-/qrcode-generator-2.0.4.tgz",
      "integrity": "sha512-mZSiP6RnbHl4xL2Ap5HfkjLnmxfKcPWpWe/c+5XxCuetEenqmNFf1FH/ftXPCtFG5/TDobjsjz6sSNL0Sr8Z9g==",
      "license": "MIT"
    },
    "node_modules/uint8array-tools": {
      "version": "0.0.9",
      "resolved": "https://registry.npmjs.org/uint8array-tools/-/uint8array-tools-0.0.9.tgz",
      "integrity": "sha512-9vqDWmoSXOoi+K14zNaf6LBV51Q8MayF0/IiQs3GlygIKUYtog603e6virExkjjFosfJUBI4LhbQK1iq8IG11A==",
      "license": "MIT",
      "engines": {
        "node": ">=14.0.0"
      }
    },
    "node_modules/varuint-bitcoin": {
      "version": "2.0.0",
      "resolved": "https://registry.npmjs.org/varuint-bitcoin/-/varuint-bitcoin-2.0.0.tgz",
      "integrity": "sha512-6QZbU/rHO2ZQYpWFDALCDSRsXbAs1VOEmXAxtbtjLtKuMJ/FQ8YbhfxlaiKv5nklci0M6lZtlZyxo9Q+qNnyog==",
      "license": "MIT",
      "dependencies": {
        "uint8array-tools": "^0.0.8"
      }
    },
    "node_modules/varuint-bitcoin/node_modules/uint8array-tools": {
      "version": "0.0.8",
      "resolved": "https://registry.npmjs.org/uint8array-tools/-/uint8array-tools-0.0.8.tgz",
      "integrity": "sha512-xS6+s8e0Xbx++5/0L+yyexukU7pz//Yg6IHg3BKhXotg1JcYtgxVcUctQ0HxLByiJzpAkNFawz1Nz5Xadzo82g==",
      "license": "MIT",
      "engines": {
        "node": ">=14.0.0"
      }
    },
    "node_modules/ws": {
      "version": "8.21.0",
      "resolved": "https://registry.npmjs.org/ws/-/ws-8.21.0.tgz",
      "integrity": "sha512-Vsp28b7DRcimFQvrqu2Wek3z1iYxDCWqHYB8Qsnk/S4RfaCQzPGPyBNuVjJV3cd6UiKtUtp6sNM77gWvzcCH+g==",
      "license": "MIT",
      "engines": {
        "node": ">=10.0.0"
      },
      "peerDependencies": {
        "bufferutil": "^4.0.1",
        "utf-8-validate": ">=5.0.2"
      },
      "peerDependenciesMeta": {
        "bufferutil": {
          "optional": true
        },
        "utf-8-validate": {
          "optional": true
        }
      }
    },
    "node_modules/ws-electrumx-client": {
      "version": "1.0.5",
      "resolved": "https://registry.npmjs.org/ws-electrumx-client/-/ws-electrumx-client-1.0.5.tgz",
      "integrity": "sha512-pBjfFqb9j2FBz7NPbnd8r2lOYanEw8ACzfKxOtHCgEGqre5QiTax5XHLVgbsiOvST0vmsHAiMtkJPvsZm77PIQ==",
      "license": "MIT",
      "dependencies": {
        "isomorphic-ws": "^5.0.0",
        "ws": "^8.12.1"
      },
      "engines": {
        "node": ">=10"
      }
    }
  }
}
